<?xml version="1.0" encoding="utf-8"?>
<Project ToolsVersion="4.0" xmlns="http://schemas.microsoft.com/developer/msbuild/2003">
  <ItemGroup>
    <Filter Include="源文件">
      <UniqueIdentifier>{4FC737F1-C7A5-4376-A066-2A32D752A2FF}</UniqueIdentifier>
      <Extensions>cpp;c;cc;cxx;def;odl;idl;hpj;bat;asm;asmx</Extensions>
    </Filter>
    <Filter Include="头文件">
      <UniqueIdentifier>{93995380-89BD-4b04-88EB-625FBE52EBFB}</UniqueIdentifier>
      <Extensions>h;hh;hpp;hxx;hm;inl;inc;ipp;xsd</Extensions>
    </Filter>
    <Filter Include="资源文件">
      <UniqueIdentifier>{67DA6AB6-F800-4c08-8B7A-83BB121AAD01}</UniqueIdentifier>
      <Extensions>rc;ico;cur;bmp;dlg;rc2;rct;bin;rgs;gif;jpg;jpeg;jpe;resx;tiff;tif;png;wav;mfcribbon-ms</Extensions>
    </Filter>
    <Filter Include="资源文件\pic">
      <UniqueIdentifier>{c418a1ff-168c-4cab-b470-f2e2cb7837aa}</UniqueIdentifier>
    </Filter>
    <Filter Include="资源文件\sound">
      <UniqueIdentifier>{68618126-fcdd-44be-a4c0-b889aab9c425}</UniqueIdentifier>
    </Filter>
  </ItemGroup>
  <ItemGroup>
    <ClInclude Include="miniTown.h">
      <Filter>头文件</Filter>
    </ClInclude>
    <ClInclude Include="Debug.h">
      <Filter>头文件</Filter>
    </ClInclude>
    <ClInclude Include="Engine.h">
      <Filter>头文件</Filter>
    </ClInclude>
    <ClInclude Include="SoundManager.h">
      <Filter>头文件</Filter>
    </ClInclude>
  </ItemGroup>
  <ItemGroup>
    <ClCompile Include="main.cpp">
      <Filter>源文件</Filter>
    </ClCompile>
    <ClCompile Include="AI.cpp">
      <Filter>源文件</Filter>
    </ClCompile>
    <ClCompile Include="gameplay.cpp">
      <Filter>源文件</Filter>
    </ClCompile>
    <ClCompile Include="Debug.cpp">
      <Filter>源文件</Filter>
    </ClCompile>
    <ClCompile Include="Engine.cpp">
      <Filter>源文件</Filter>
    </ClCompile>
    <ClCompile Include="SoundManager.cpp">
      <Filter>源文件</Filter>
    </ClCompile>
  </ItemGroup>
  <ItemGroup>
    <Image Include="pic\background.bmp">
      <Filter>资源文件\pic</Filter>
    </Image>
    <Image Include="pic\background1.bmp">
      <Filter>资源文件\pic</Filter>
    </Image>
    <Image Include="pic\builder.bmp">
      <Filter>资源文件\pic</Filter>
    </Image>
    <Image Include="pic\farmer.bmp">
      <Filter>资源文件\pic</Filter>
    </Image>
    <Image Include="pic\field.bmp">
      <Filter>资源文件\pic</Filter>
    </Image>
    <Image Include="pic\field1.bmp">
      <Filter>资源文件\pic</Filter>
    </Image>
    <Image Include="pic\field2.bmp">
      <Filter>资源文件\pic</Filter>
    </Image>
    <Image Include="pic\house.bmp">
      <Filter>资源文件\pic</Filter>
    </Image>
    <Image Include="pic\house1.bmp">
      <Filter>资源文件\pic</Filter>
    </Image>
    <Image Include="pic\king.bmp">
      <Filter>资源文件\pic</Filter>
    </Image>
    <Image Include="pic\kinghouse.bmp">
      <Filter>资源文件\pic</Filter>
    </Image>
    <Image Include="pic\land.bmp">
      <Filter>资源文件\pic</Filter>
    </Image>
    <Image Include="pic\love.bmp">
      <Filter>资源文件\pic</Filter>
    </Image>
    <Image Include="pic\moon.bmp">
      <Filter>资源文件\pic</Filter>
    </Image>
    <Image Include="pic\rice.bmp">
      <Filter>资源文件\pic</Filter>
    </Image>
    <Image Include="pic\sun.bmp">
      <Filter>资源文件\pic</Filter>
    </Image>
    <Image Include="pic\tree.bmp">
      <Filter>资源文件\pic</Filter>
    </Image>
    <Image Include="pic\wood.bmp">
      <Filter>资源文件\pic</Filter>
    </Image>
  </ItemGroup>
</Project>